// !$*UTF8*$!
{
	archiveVersion = 1;
	classes = {
	};
	objectVersion = 46;
	objects = {

/* Begin PBXBuildFile section */
		A0AA39EC1AC30B2F00CAAD05 /* main.m in Sources */ = {isa = PBXBuildFile; fileRef = A0AA39EB1AC30B2F00CAAD05 /* main.m */; };
		A0AA39EF1AC30B2F00CAAD05 /* AppDelegate.m in Sources */ = {isa = PBXBuildFile; fileRef = A0AA39EE1AC30B2F00CAAD05 /* AppDelegate.m */; };
		A0AA39F21AC30B2F00CAAD05 /* ViewController.m in Sources */ = {isa = PBXBuildFile; fileRef = A0AA39F11AC30B2F00CAAD05 /* ViewController.m */; };
		A0AA39F51AC30B2F00CAAD05 /* Main.storyboard in Resources */ = {isa = PBXBuildFile; fileRef = A0AA39F31AC30B2F00CAAD05 /* Main.storyboard */; };
		A0AA39F71AC30B2F00CAAD05 /* Images.xcassets in Resources */ = {isa = PBXBuildFile; fileRef = A0AA39F61AC30B2F00CAAD05 /* Images.xcassets */; };
		A0AA39FA1AC30B2F00CAAD05 /* LaunchScreen.xib in Resources */ = {isa = PBXBuildFile; fileRef = A0AA39F81AC30B2F00CAAD05 /* LaunchScreen.xib */; };
		A0AA3A061AC30B2F00CAAD05 /* Test_NSURLSessionDelegatesTests.m in Sources */ = {isa = PBXBuildFile; fileRef = A0AA3A051AC30B2F00CAAD05 /* Test_NSURLSessionDelegatesTests.m */; };
/* End PBXBuildFile section */

/* Begin PBXContainerItemProxy section */
		A0AA3A001AC30B2F00CAAD05 /* PBXContainerItemProxy */ = {
			isa = PBXContainerItemProxy;
			containerPortal = A0AA39DE1AC30B2F00CAAD05 /* Project object */;
			proxyType = 1;
			remoteGlobalIDString = A0AA39E51AC30B2F00CAAD05;
			remoteInfo = Test_NSURLSessionDelegates;
		};
/* End PBXContainerItemProxy section */

/* Begin PBXFileReference section */
		A0AA39E61AC30B2F00CAAD05 /* Test_NSURLSessionDelegates.app */ = {isa = PBXFileReference; explicitFileType = wrapper.application; includeInIndex = 0; path = Test_NSURLSessionDelegates.app; sourceTree = BUILT_PRODUCTS_DIR; };
		A0AA39EA1AC30B2F00CAAD05 /* Info.plist */ = {isa = PBXFileReference; lastKnownFileType = text.plist.xml; path = Info.plist; sourceTree = "<group>"; };
		A0AA39EB1AC30B2F00CAAD05 /* main.m */ = {isa = PBXFileReference; lastKnownFileType = sourcecode.c.objc; path = main.m; sourceTree = "<group>"; };
		A0AA39ED1AC30B2F00CAAD05 /* AppDelegate.h */ = {isa = PBXFileReference; lastKnownFileType = sourcecode.c.h; path = AppDelegate.h; sourceTree = "<group>"; };
		A0AA39EE1AC30B2F00CAAD05 /* AppDelegate.m */ = {isa = PBXFileReference; lastKnownFileType = sourcecode.c.objc; path = AppDelegate.m; sourceTree = "<group>"; };
		A0AA39F01AC30B2F00CAAD05 /* ViewController.h */ = {isa = PBXFileReference; lastKnownFileType = sourcecode.c.h; path = ViewController.h; sourceTree = "<group>"; };
		A0AA39F11AC30B2F00CAAD05 /* ViewController.m */ = {isa = PBXFileReference; lastKnownFileType = sourcecode.c.objc; path = ViewController.m; sourceTree = "<group>"; };
		A0AA39F41AC30B2F00CAAD05 /* Base */ = {isa = PBXFileReference; lastKnownFileType = file.storyboard; name = Base; path = Base.lproj/Main.storyboard; sourceTree = "<group>"; };
		A0AA39F61AC30B2F00CAAD05 /* Images.xcassets */ = {isa = PBXFileReference; lastKnownFileType = folder.assetcatalog; path = Images.xcassets; sourceTree = "<group>"; };
		A0AA39F91AC30B2F00CAAD05 /* Base */ = {isa = PBXFileReference; lastKnownFileType = file.xib; name = Base; path = Base.lproj/LaunchScreen.xib; sourceTree = "<group>"; };
		A0AA39FF1AC30B2F00CAAD05 /* Test_NSURLSessionDelegatesTests.xctest */ = {isa = PBXFileReference; explicitFileType = wrapper.cfbundle; includeInIndex = 0; path = Test_NSURLSessionDelegatesTests.xctest; sourceTree = BUILT_PRODUCTS_DIR; };
		A0AA3A041AC30B2F00CAAD05 /* Info.plist */ = {isa = PBXFileReference; lastKnownFileType = text.plist.xml; path = Info.plist; sourceTree = "<group>"; };
		A0AA3A051AC30B2F00CAAD05 /* Test_NSURLSessionDelegatesTests.m */ = {isa = PBXFileReference; lastKnownFileType = sourcecode.c.objc; path = Test_NSURLSessionDelegatesTests.m; sourceTree = "<group>"; };
/* End PBXFileReference section */

/* Begin PBXFrameworksBuildPhase section */
		A0AA39E31AC30B2F00CAAD05 /* Frameworks */ = {
			isa = PBXFrameworksBuildPhase;
			buildActionMask = 2147483647;
			files = (
			);
			runOnlyForDeploymentPostprocessing = 0;
		};
		A0AA39FC1AC30B2F00CAAD05 /* Frameworks */ = {
			isa = PBXFrameworksBuildPhase;
			buildActionMask = 2147483647;
			files = (
			);
			runOnlyForDeploymentPostprocessing = 0;
		};
/* End PBXFrameworksBuildPhase section */

/* Begin PBXGroup section */
		A0AA39DD1AC30B2F00CAAD05 = {
			isa = PBXGroup;
			children = (
				A0AA39E81AC30B2F00CAAD05 /* Test_NSURLSessionDelegates */,
				A0AA3A021AC30B2F00CAAD05 /* Test_NSURLSessionDelegatesTests */,
				A0AA39E71AC30B2F00CAAD05 /* Products */,
			);
			sourceTree = "<group>";
		};
		A0AA39E71AC30B2F00CAAD05 /* Products */ = {
			isa = PBXGroup;
			children = (
				A0AA39E61AC30B2F00CAAD05 /* Test_NSURLSessionDelegates.app */,
				A0AA39FF1AC30B2F00CAAD05 /* Test_NSURLSessionDelegatesTests.xctest */,
			);
			name = Products;
			sourceTree = "<group>";
		};
		A0AA39E81AC30B2F00CAAD05 /* Test_NSURLSessionDelegates */ = {
			isa = PBXGroup;
			children = (
				A0AA39ED1AC30B2F00CAAD05 /* AppDelegate.h */,
				A0AA39EE1AC30B2F00CAAD05 /* AppDelegate.m */,
				A0AA39F01AC30B2F00CAAD05 /* ViewController.h */,
				A0AA39F11AC30B2F00CAAD05 /* ViewController.m */,
				A0AA39F31AC30B2F00CAAD05 /* Main.storyboard */,
				A0AA39F61AC30B2F00CAAD05 /* Images.xcassets */,
				A0AA39F81AC30B2F00CAAD05 /* LaunchScreen.xib */,
				A0AA39E91AC30B2F00CAAD05 /* Supporting Files */,
			);
			path = Test_NSURLSessionDelegates;
			sourceTree = "<group>";
		};
		A0AA39E91AC30B2F00CAAD05 /* Supporting Files */ = {
			isa = PBXGroup;
			children = (
				A0AA39EA1AC30B2F00CAAD05 /* Info.plist */,
				A0AA39EB1AC30B2F00CAAD05 /* main.m */,
			);
			name = "Supporting Files";
			sourceTree = "<group>";
		};
		A0AA3A021AC30B2F00CAAD05 /* Test_NSURLSessionDelegatesTests */ = {
			isa = PBXGroup;
			children = (
				A0AA3A051AC30B2F00CAAD05 /* Test_NSURLSessionDelegatesTests.m */,
				A0AA3A031AC30B2F00CAAD05 /* Supporting Files */,
			);
			path = Test_NSURLSessionDelegatesTests;
			sourceTree = "<group>";
		};
		A0AA3A031AC30B2F00CAAD05 /* Supporting Files */ = {
			isa = PBXGroup;
			children = (
				A0AA3A041AC30B2F00CAAD05 /* Info.plist */,
			);
			name = "Supporting Files";
			sourceTree = "<group>";
		};
/* End PBXGroup section */

/* Begin PBXNativeTarget section */
		A0AA39E51AC30B2F00CAAD05 /* Test_NSURLSessionDelegates */ = {
			isa = PBXNativeTarget;
			buildConfigurationList = A0AA3A091AC30B2F00CAAD05 /* Build configuration list for PBXNativeTarget "Test_NSURLSessionDelegates" */;
			buildPhases = (
				A0AA39E21AC30B2F00CAAD05 /* Sources */,
				A0AA39E31AC30B2F00CAAD05 /* Frameworks */,
				A0AA39E41AC30B2F00CAAD05 /* Resources */,
			);
			buildRules = (
			);
			dependencies = (
			);
			name = Test_NSURLSessionDelegates;
			productName = Test_NSURLSessionDelegates;
			productReference = A0AA39E61AC30B2F00CAAD05 /* Test_NSURLSessionDelegates.app */;
			productType = "com.apple.product-type.application";
		};
		A0AA39FE1AC30B2F00CAAD05 /* Test_NSURLSessionDelegatesTests */ = {
			isa = PBXNativeTarget;
			buildConfigurationList = A0AA3A0C1AC30B2F00CAAD05 /* Build configuration list for PBXNativeTarget "Test_NSURLSessionDelegatesTests" */;
			buildPhases = (
				A0AA39FB1AC30B2F00CAAD05 /* Sources */,
				A0AA39FC1AC30B2F00CAAD05 /* Frameworks */,
				A0AA39FD1AC30B2F00CAAD05 /* Resources */,
			);
			buildRules = (
			);
			dependencies = (
				A0AA3A011AC30B2F00CAAD05 /* PBXTargetDependency */,
			);
			name = Test_NSURLSessionDelegatesTests;
			productName = Test_NSURLSessionDelegatesTests;
			productReference = A0AA39FF1AC30B2F00CAAD05 /* Test_NSURLSessionDelegatesTests.xctest */;
			productType = "com.apple.product-type.bundle.unit-test";
		};
/* End PBXNativeTarget section */

/* Begin PBXProject section */
		A0AA39DE1AC30B2F00CAAD05 /* Project object */ = {
			isa = PBXProject;
			attributes = {
				LastUpgradeCheck = 0620;
				ORGANIZATIONNAME = "Eduardo Flores";
				TargetAttributes = {
					A0AA39E51AC30B2F00CAAD05 = {
						CreatedOnToolsVersion = 6.2;
					};
					A0AA39FE1AC30B2F00CAAD05 = {
						CreatedOnToolsVersion = 6.2;
						TestTargetID = A0AA39E51AC30B2F00CAAD05;
					};
				};
			};
			buildConfigurationList = A0AA39E11AC30B2F00CAAD05 /* Build configuration list for PBXProject "Test_NSURLSessionDelegates" */;
			compatibilityVersion = "Xcode 3.2";
			developmentRegion = English;
			hasScannedForEncodings = 0;
			knownRegions = (
				en,
				Base,
			);
			mainGroup = A0AA39DD1AC30B2F00CAAD05;
			productRefGroup = A0AA39E71AC30B2F00CAAD05 /* Products */;
			projectDirPath = "";
			projectRoot = "";
			targets = (
				A0AA39E51AC30B2F00CAAD05 /* Test_NSURLSessionDelegates */,
				A0AA39FE1AC30B2F00CAAD05 /* Test_NSURLSessionDelegatesTests */,
			);
		};
/* End PBXProject section */

/* Begin PBXResourcesBuildPhase section */
		A0AA39E41AC30B2F00CAAD05 /* Resources */ = {
			isa = PBXResourcesBuildPhase;
			buildActionMask = 2147483647;
			files = (
				A0AA39F51AC30B2F00CAAD05 /* Main.storyboard in Resources */,
				A0AA39FA1AC30B2F00CAAD05 /* LaunchScreen.xib in Resources */,
				A0AA39F71AC30B2F00CAAD05 /* Images.xcassets in Resources */,
			);
			runOnlyForDeploymentPostprocessing = 0;
		};
		A0AA39FD1AC30B2F00CAAD05 /* Resources */ = {
			isa = PBXResourcesBuildPhase;
			buildActionMask = 2147483647;
			files = (
			);
			runOnlyForDeploymentPostprocessing = 0;
		};
/* End PBXResourcesBuildPhase section */

/* Begin PBXSourcesBuildPhase section */
		A0AA39E21AC30B2F00CAAD05 /* Sources */ = {
			isa = PBXSourcesBuildPhase;
			buildActionMask = 2147483647;
			files = (
				A0AA39F21AC30B2F00CAAD05 /* ViewController.m in Sources */,
				A0AA39EF1AC30B2F00CAAD05 /* AppDelegate.m in Sources */,
				A0AA39EC1AC30B2F00CAAD05 /* main.m in Sources */,
			);
			runOnlyForDeploymentPostprocessing = 0;
		};
		A0AA39FB1AC30B2F00CAAD05 /* Sources */ = {
			isa = PBXSourcesBuildPhase;
			buildActionMask = 2147483647;
			files = (
				A0AA3A061AC30B2F00CAAD05 /* Test_NSURLSessionDelegatesTests.m in Sources */,
			);
			runOnlyForDeploymentPostprocessing = 0;
		};
/* End PBXSourcesBuildPhase section */

/* Begin PBXTargetDependency section */
		A0AA3A011AC30B2F00CAAD05 /* PBXTargetDependency */ = {
			isa = PBXTargetDependency;
			target = A0AA39E51AC30B2F00CAAD05 /* Test_NSURLSessionDelegates */;
			targetProxy = A0AA3A001AC30B2F00CAAD05 /* PBXContainerItemProxy */;
		};
/* End PBXTargetDependency section */

/* Begin PBXVariantGroup section */
		A0AA39F31AC30B2F00CAAD05 /* Main.storyboard */ = {
			isa = PBXVariantGroup;
			children = (
				A0AA39F41AC30B2F00CAAD05 /* Base */,
			);
			name = Main.storyboard;
			sourceTree = "<group>";
		};
		A0AA39F81AC30B2F00CAAD05 /* LaunchScreen.xib */ = {
			isa = PBXVariantGroup;
			children = (
				A0AA39F91AC30B2F00CAAD05 /* Base */,
			);
			name = LaunchScreen.xib;
			sourceTree = "<group>";
		};
/* End PBXVariantGroup section */

/* Begin XCBuildConfiguration section */
		A0AA3A071AC30B2F00CAAD05 /* Debug */ = {
			isa = XCBuildConfiguration;
			buildSettings = {
				ALWAYS_SEARCH_USER_PATHS = NO;
				CLANG_CXX_LANGUAGE_STANDARD = "gnu++0x";
				CLANG_CXX_LIBRARY = "libc++";
				CLANG_ENABLE_MODULES = YES;
				CLANG_ENABLE_OBJC_ARC = YES;
				CLANG_WARN_BOOL_CONVERSION = YES;
				CLANG_WARN_CONSTANT_CONVERSION = YES;
				CLANG_WARN_DIRECT_OBJC_ISA_USAGE = YES_ERROR;
				CLANG_WARN_EMPTY_BODY = YES;
				CLANG_WARN_ENUM_CONVERSION = YES;
				CLANG_WARN_INT_CONVERSION = YES;
				CLANG_WARN_OBJC_ROOT_CLASS = YES_ERROR;
				CLANG_WARN_UNREACHABLE_CODE = YES;
				CLANG_WARN__DUPLICATE_METHOD_MATCH = YES;
				"CODE_SIGN_IDENTITY[sdk=iphoneos*]" = "iPhone Developer";
				COPY_PHASE_STRIP = NO;
				ENABLE_STRICT_OBJC_MSGSEND = YES;
				GCC_C_LANGUAGE_STANDARD = gnu99;
				GCC_DYNAMIC_NO_PIC = NO;
				GCC_OPTIMIZATION_LEVEL = 0;
				GCC_PREPROCESSOR_DEFINITIONS = (
					"DEBUG=1",
					"$(inherited)",
				);
				GCC_SYMBOLS_PRIVATE_EXTERN = NO;
				GCC_WARN_64_TO_32_BIT_CONVERSION = YES;
				GCC_WARN_ABOUT_RETURN_TYPE = YES_ERROR;
				GCC_WARN_UNDECLARED_SELECTOR = YES;
				GCC_WARN_UNINITIALIZED_AUTOS = YES_AGGRESSIVE;
				GCC_WARN_UNUSED_FUNCTION = YES;
				GCC_WARN_UNUSED_VARIABLE = YES;
				IPHONEOS_DEPLOYMENT_TARGET = 8.2;
				MTL_ENABLE_DEBUG_INFO = YES;
				ONLY_ACTIVE_ARCH = YES;
				SDKROOT = iphoneos;
			};
			name = Debug;
		};
		A0AA3A081AC30B2F00CAAD05 /* Release */ = {
			isa = XCBuildConfiguration;
			buildSettings = {
				ALWAYS_SEARCH_USER_PATHS = NO;
				CLANG_CXX_LANGUAGE_STANDARD = "gnu++0x";
				CLANG_CXX_LIBRARY = "libc++";
				CLANG_ENABLE_MODULES = YES;
				CLANG_ENABLE_OBJC_ARC = YES;
				CLANG_WARN_BOOL_CONVERSION = YES;
				CLANG_WARN_CONSTANT_CONVERSION = YES;
				CLANG_WARN_DIRECT_OBJC_ISA_USAGE = YES_ERROR;
				CLANG_WARN_EMPTY_BODY = YES;
				CLANG_WARN_ENUM_CONVERSION = YES;
				CLANG_WARN_INT_CONVERSION = YES;
				CLANG_WARN_OBJC_ROOT_CLASS = YES_ERROR;
				CLANG_WARN_UNREACHABLE_CODE = YES;
				CLANG_WARN__DUPLICATE_METHOD_MATCH = YES;
				"CODE_SIGN_IDENTITY[sdk=iphoneos*]" = "iPhone Developer";
				COPY_PHASE_STRIP = NO;
				ENABLE_NS_ASSERTIONS = NO;
				ENABLE_STRICT_OBJC_MSGSEND = YES;
				GCC_C_LANGUAGE_STANDARD = gnu99;
				GCC_WARN_64_TO_32_BIT_CONVERSION = YES;
				GCC_WARN_ABOUT_RETURN_TYPE = YES_ERROR;
				GCC_WARN_UNDECLARED_SELECTOR = YES;
				GCC_WARN_UNINITIALIZED_AUTOS = YES_AGGRESSIVE;
				GCC_WARN_UNUSED_FUNCTION = YES;
				GCC_WARN_UNUSED_VARIABLE = YES;
				IPHONEOS_DEPLOYMENT_TARGET = 8.2;
				MTL_ENABLE_DEBUG_INFO = NO;
				SDKROOT = iphoneos;
				VALIDATE_PRODUCT = YES;
			};
			name = Release;
		};
		A0AA3A0A1AC30B2F00CAAD05 /* Debug */ = {
			isa = XCBuildConfiguration;
			buildSettings = {
				ASSETCATALOG_COMPILER_APPICON_NAME = AppIcon;
				INFOPLIST_FILE = Test_NSURLSessionDelegates/Info.plist;
				LD_RUNPATH_SEARCH_PATHS = "$(inherited) @executable_path/Frameworks";
				PRODUCT_NAME = "$(TARGET_NAME)";
			};
			name = Debug;
		};
		A0AA3A0B1AC30B2F00CAAD05 /* Release */ = {
			isa = XCBuildConfiguration;
			buildSettings = {
				ASSETCATALOG_COMPILER_APPICON_NAME = AppIcon;
				INFOPLIST_FILE = Test_NSURLSessionDelegates/Info.plist;
				LD_RUNPATH_SEARCH_PATHS = "$(inherited) @executable_path/Frameworks";
				PRODUCT_NAME = "$(TARGET_NAME)";
			};
			name = Release;
		};
		A0AA3A0D1AC30B2F00CAAD05 /* Debug */ = {
			isa = XCBuildConfiguration;
			buildSettings = {
				BUNDLE_LOADER = "$(TEST_HOST)";
				FRAMEWORK_SEARCH_PATHS = (
					"$(SDKROOT)/Developer/Library/Frameworks",
					"$(inherited)",
				);
				GCC_PREPROCESSOR_DEFINITIONS = (
					"DEBUG=1",
					"$(inherited)",
				);
				INFOPLIST_FILE = Test_NSURLSessionDelegatesTests/Info.plist;
				LD_RUNPATH_SEARCH_PATHS = "$(inherited) @executable_path/Frameworks @loader_path/Frameworks";
				PRODUCT_NAME = "$(TARGET_NAME)";
				TEST_HOST = "$(BUILT_PRODUCTS_DIR)/Test_NSURLSessionDelegates.app/Test_NSURLSessionDelegates";
			};
			name = Debug;
		};
		A0AA3A0E1AC30B2F00CAAD05 /* Release */ = {
			isa = XCBuildConfiguration;
			buildSettings = {
				BUNDLE_LOADER = "$(TEST_HOST)";
				FRAMEWORK_SEARCH_PATHS = (
					"$(SDKROOT)/Developer/Library/Frameworks",
					"$(inherited)",
				);
				INFOPLIST_FILE = Test_NSURLSessionDelegatesTests/Info.plist;
				LD_RUNPATH_SEARCH_PATHS = "$(inherited) @executable_path/Frameworks @loader_path/Frameworks";
				PRODUCT_NAME = "$(TARGET_NAME)";
				TEST_HOST = "$(BUILT_PRODUCTS_DIR)/Test_NSURLSessionDelegates.app/Test_NSURLSessionDelegates";
			};
			name = Release;
		};
/* End XCBuildConfiguration section */

/* Begin XCConfigurationList section */
		A0AA39E11AC30B2F00CAAD05 /* Build configuration list for PBXProject "Test_NSURLSessionDelegates" */ = {
			isa = XCConfigurationList;
			buildConfigurations = (
				A0AA3A071AC30B2F00CAAD05 /* Debug */,
				A0AA3A081AC30B2F00CAAD05 /* Release */,
			);
			defaultConfigurationIsVisible = 0;
			defaultConfigurationName = Release;
		};
		A0AA3A091AC30B2F00CAAD05 /* Build configuration list for PBXNativeTarget "Test_NSURLSessionDelegates" */ = {
			isa = XCConfigurationList;
			buildConfigurations = (
				A0AA3A0A1AC30B2F00CAAD05 /* Debug */,
				A0AA3A0B1AC30B2F00CAAD05 /* Release */,
			);
			defaultConfigurationIsVisible = 0;
		};
		A0AA3A0C1AC30B2F00CAAD05 /* Build configuration list for PBXNativeTarget "Test_NSURLSessionDelegatesTests" */ = {
			isa = XCConfigurationList;
			buildConfigurations = (
				A0AA3A0D1AC30B2F00CAAD05 /* Debug */,
				A0AA3A0E1AC30B2F00CAAD05 /* Release */,
			);
			defaultConfigurationIsVisible = 0;
		};
/* End XCConfigurationList section */
	};
	rootObject = A0AA39DE1AC30B2F00CAAD05 /* Project object */;
}
